<Solution>
  <Folder Name="/Task0/">
    <Project Path="Tyuiu.VoytovichKA.Sprint2.Task0.V14.Lib/Tyuiu.VoytovichKA.Sprint2.Task0.V14.Lib.csproj" />
    <Project Path="Tyuiu.VoytovichKA.Sprint2.Task0.V14.Test/Tyuiu.VoytovichKA.Sprint2.Task0.V14.Test.csproj" />
    <Project Path="Tyuiu.VoytovichKA.Sprint2.Task0.V14/Tyuiu.VoytovichKA.Sprint2.Task0.V14.csproj" />
  </Folder>
  <Folder Name="/Task1/">
    <Project Path="Tyuiu.VoytovichKA.Sprint2.Task1.V3.Lib/Tyuiu.VoytovichKA.Sprint2.Task1.V3.Lib.csproj" Id="8b7751ec-d3d1-4fc3-863e-00ffb833a864" />
    <Project Path="Tyuiu.VoytovichKA.Sprint2.Task1.V3.Test/Tyuiu.VoytovichKA.Sprint2.Task1.V3.Test.csproj" Id="de790d81-a2a4-4543-9ed8-5292fb7557bf" />
    <Project Path="Tyuiu.VoytovichKA.Sprint2.Task1.V3/Tyuiu.VoytovichKA.Sprint2.Task1.V3.csproj" Id="8929e894-63de-43e2-8e29-bd83c5c94873" />
  </Folder>
</Solution>
