<Solution>
  <Folder Name="/Task0/">
    <Project Path="Tyuiu.VoytovichKA.Sprint2.Task0.V14.Lib/Tyuiu.VoytovichKA.Sprint2.Task0.V14.Lib.csproj" />
    <Project Path="Tyuiu.VoytovichKA.Sprint2.Task0.V14.Test/Tyuiu.VoytovichKA.Sprint2.Task0.V14.Test.csproj" />
    <Project Path="Tyuiu.VoytovichKA.Sprint2.Task0.V14/Tyuiu.VoytovichKA.Sprint2.Task0.V14.csproj" />
  </Folder>
  <Folder Name="/Task1/">
    <Project Path="Tyuiu.VoytovichKA.Sprint2.Task1.V3.Lib/Tyuiu.VoytovichKA.Sprint2.Task1.V3.Lib.csproj" Id="8b7751ec-d3d1-4fc3-863e-00ffb833a864" />
    <Project Path="Tyuiu.VoytovichKA.Sprint2.Task1.V3.Test/Tyuiu.VoytovichKA.Sprint2.Task1.V3.Test.csproj" Id="de790d81-a2a4-4543-9ed8-5292fb7557bf" />
    <Project Path="Tyuiu.VoytovichKA.Sprint2.Task1.V3/Tyuiu.VoytovichKA.Sprint2.Task1.V3.csproj" Id="8929e894-63de-43e2-8e29-bd83c5c94873" />
  </Folder>
  <Folder Name="/Task2/">
    <Project Path="Tyuiu.VoytovichKA.Sprint2.Task2.V19.Lib/Tyuiu.VoytovichKA.Sprint2.Task2.V19.Lib.csproj" Id="a59377bd-f913-467c-9645-3484a235a33e" />
    <Project Path="Tyuiu.VoytovichKA.Sprint2.Task2.V19.Test/Tyuiu.VoytovichKA.Sprint2.Task2.V19.Test.csproj" Id="fd23b869-978d-4a67-8698-a6770fb95b0e" />
    <Project Path="Tyuiu.VoytovichKA.Sprint2.Task2.V19/Tyuiu.VoytovichKA.Sprint2.Task2.V19.csproj" Id="465a0d36-dc72-4d5c-a3f3-4eb73ea71d77" />
  </Folder>
  <Folder Name="/Task3/">
    <Project Path="Tyuiu.VoytovichKA.Sprint2.Task3.V2.Lib/Tyuiu.VoytovichKA.Sprint2.Task3.V2.Lib.csproj" Id="cae8a190-0f18-4057-8d69-253883e1b977" />
    <Project Path="Tyuiu.VoytovichKA.Sprint2.Task3.V2.Test/Tyuiu.VoytovichKA.Sprint2.Task3.V2.Test.csproj" Id="71c3f96e-255c-4d3b-9326-24414ab47e46" />
    <Project Path="Tyuiu.VoytovichKA.Sprint2.Task3.V2/Tyuiu.VoytovichKA.Sprint2.Task3.V2.csproj" Id="10c39c3e-16d4-4898-9759-55bbc7605d5c" />
  </Folder>
  <Folder Name="/Task4/">
    <Project Path="Tyuiu.VoytovichKA.Sprint2.Task4.V2.Lib/Tyuiu.VoytovichKA.Sprint2.Task4.V2.Lib.csproj" Id="7df7f777-5a6e-43ef-9339-b339fbffc9cd" />
    <Project Path="Tyuiu.VoytovichKA.Sprint2.Task4.V2.Test/Tyuiu.VoytovichKA.Sprint2.Task4.V2.Test.csproj" Id="adce20bf-6d9e-4d2a-b4af-a4e277a9f044" />
    <Project Path="Tyuiu.VoytovichKA.Sprint2.Task4.V2/Tyuiu.VoytovichKA.Sprint2.Task4.V2.csproj" Id="627dcb23-b2ae-4d4a-ae94-c559abcb322e" />
  </Folder>
  <Folder Name="/Task5/">
    <Project Path="Tyuiu.VoytovichKA.Sprint2.Task5.V6.Lib/Tyuiu.VoytovichKA.Sprint2.Task5.V6.Lib.csproj" Id="a47b8ea1-89ac-442c-a5a0-2bce0cede9c9" />
    <Project Path="Tyuiu.VoytovichKA.Sprint2.Task5.V6.Test/Tyuiu.VoytovichKA.Sprint2.Task5.V6.Test.csproj" Id="9a2a230a-770f-4f09-ad37-c1743f7303f3" />
    <Project Path="Tyuiu.VoytovichKA.Sprint2.Task5.V6/Tyuiu.VoytovichKA.Sprint2.Task5.V6.csproj" Id="af0add0c-ee7a-4727-a462-31331707c0f6" />
  </Folder>
</Solution>
